{
  "name": "@liquid-bricks/gw-ws-components-ws-to-nats",
  "version": "1.0.0",
  "lockfileVersion": 3,
  "requires": true,
  "packages": {
    "": {
      "name": "@liquid-bricks/gw-ws-components-ws-to-nats",
      "version": "1.0.0",
      "license": "ISC",
      "dependencies": {
        "@liquid-bricks/lib-diagnostics": "github:LiquidBricks/lib-diagnostics#2eb9d8e992f1fa656386877c8ff65adbdd2f651e",
        "@liquid-bricks/lib-nats-subject": "github:LiquidBricks/lib-nats-subject#c79bce410616813500814e598afeeaea5ebe3216"
      }
    },
    "node_modules/@liquid-bricks/lib-diagnostics": {
      "version": "1.0.0",
      "resolved": "git+ssh://git@github.com/LiquidBricks/lib-diagnostics.git#2eb9d8e992f1fa656386877c8ff65adbdd2f651e",
      "integrity": "sha512-39PewHw8mpLZbipM+LfVFk4TxyZfi261zOhBqnW6JlKVJXXOD4VyFelf2GsHpPoC3ruczpGIzSOXlQTwYGhYYA==",
      "license": "ISC"
    },
    "node_modules/@liquid-bricks/lib-nats-subject": {
      "version": "1.0.0",
      "resolved": "git+ssh://git@github.com/LiquidBricks/lib-nats-subject.git#c79bce410616813500814e598afeeaea5ebe3216",
      "integrity": "sha512-tFFgMTBvqzWzdyVrwucNQmvWEn2Wsz9vtCs5D9CTnhds0PuJ8dZ7fz9dj5oNYL+bk4yWIinrNfvRJOHyNq/KNg==",
      "license": "ISC"
    }
  }
}
