{
  "name": "@liquid-bricks/gw-ws-components-ws-to-nats",
  "version": "1.0.0",
  "lockfileVersion": 3,
  "requires": true,
  "packages": {
    "": {
      "name": "@liquid-bricks/gw-ws-components-ws-to-nats",
      "version": "1.0.0",
      "license": "ISC",
      "dependencies": {
        "@liquid-bricks/lib-diagnostics": "file:../lib-diagnostics",
        "@liquid-bricks/lib-nats-subject": "file:../lib-nats-subject"
      }
    },
    "../lib-diagnostics": {
      "name": "@liquid-bricks/lib-diagnostics",
      "version": "1.0.0",
      "license": "ISC"
    },
    "../lib-nats-subject": {
      "name": "@liquid-bricks/lib-nats-subject",
      "version": "1.0.0",
      "license": "ISC"
    },
    "node_modules/@liquid-bricks/lib-diagnostics": {
      "resolved": "../lib-diagnostics",
      "link": true
    },
    "node_modules/@liquid-bricks/lib-nats-subject": {
      "resolved": "../lib-nats-subject",
      "link": true
    }
  }
}
